# This file is generated by running "yarn install" inside your project.
# Manual changes might be lost - proceed with caution!

__metadata:
  version: 8
  cacheKey: 10c0

"@babel/code-frame@npm:^7.0.0":
  version: 7.18.6
  resolution: "@babel/code-frame@npm:7.18.6"
  dependencies:
    "@babel/highlight": "npm:^7.18.6"
  checksum: 10c0/e3966f2717b7ebd9610524730e10b75ee74154f62617e5e115c97dbbbabc5351845c9aa850788012cb4d9aee85c3dc59fe6bef36690f244e8dcfca34bd35e9c9
  languageName: node
  linkType: hard

"@babel/helper-validator-identifier@npm:^7.18.6":
  version: 7.19.1
  resolution: "@babel/helper-validator-identifier@npm:7.19.1"
  checksum: 10c0/f978ecfea840f65b64ab9e17fac380625a45f4fe1361eeb29867fcfd1c9eaa72abd7023f2f40ac3168587d7e5153660d16cfccb352a557be2efd347a051b4b20
  languageName: node
  linkType: hard

"@babel/highlight@npm:^7.18.6":
  version: 7.18.6
  resolution: "@babel/highlight@npm:7.18.6"
  dependencies:
    "@babel/helper-validator-identifier": "npm:^7.18.6"
    chalk: "npm:^2.0.0"
    js-tokens: "npm:^4.0.0"
  checksum: 10c0/a6a6928d25099ef04c337fcbb829fab8059bb67d31ac37212efd611bdbe247d0e71a5096c4524272cb56399f40251fac57c025e42d3bc924db0183a6435a60ac
  languageName: node
  linkType: hard

"@sindresorhus/chunkify@npm:^0.2.0":
  version: 0.2.0
  resolution: "@sindresorhus/chunkify@npm:0.2.0"
  checksum: 10c0/e53a917fd7896d0a788c6701aa91e287757c186ee48a25c3d78b48f5284d9dc7db236e321bd023ee434858ffe976afaa590897465d76331ffee5982eca9bbd9c
  languageName: node
  linkType: hard

"@sindresorhus/df@npm:^1.0.1":
  version: 1.0.1
  resolution: "@sindresorhus/df@npm:1.0.1"
  checksum: 10c0/71a4ffb1e698cda2042ea82617915b4377ae58f4b43a16adca7810fe6f78e075e49e873adad7cafd443ffe0c82951fe5789a62f5a32a11513893d1a0d760ad53
  languageName: node
  linkType: hard

"@sindresorhus/df@npm:^3.1.1":
  version: 3.1.1
  resolution: "@sindresorhus/df@npm:3.1.1"
  dependencies:
    execa: "npm:^2.0.1"
  checksum: 10c0/39570379856aea81b9c79649779295f87985897a389fde708c43ae91079d9e2721cd6f6423d1330d934343cd5aa35612ddf072e1438ca9529ee13945b924f575
  languageName: node
  linkType: hard

"@stroncium/procfs@npm:^1.2.1":
  version: 1.2.1
  resolution: "@stroncium/procfs@npm:1.2.1"
  checksum: 10c0/94421e19073905c98e619aaa9a2b6dc65b3cd706d8b0ef6fc0f242b0edb80e7ddd25cbd19ff0506d7d56546b2dc95a458523dc5dee058bc9b7749c02c0758102
  languageName: node
  linkType: hard

"@types/minimist@npm:^1.2.2":
  version: 1.2.2
  resolution: "@types/minimist@npm:1.2.2"
  checksum: 10c0/f220f57f682bbc3793dab4518f8e2180faa79d8e2589c79614fd777d7182be203ba399020c3a056a115064f5d57a065004a32b522b2737246407621681b24137
  languageName: node
  linkType: hard

"@types/normalize-package-data@npm:^2.4.0":
  version: 2.4.1
  resolution: "@types/normalize-package-data@npm:2.4.1"
  checksum: 10c0/c90b163741f27a1a4c3b1869d7d5c272adbd355eb50d5f060f9ce122ce4342cf35f5b0005f55ef780596cacfeb69b7eee54cd3c2e02d37f75e664945b6e75fc6
  languageName: node
  linkType: hard

"aggregate-error@npm:^4.0.0":
  version: 4.0.1
  resolution: "aggregate-error@npm:4.0.1"
  dependencies:
    clean-stack: "npm:^4.0.0"
    indent-string: "npm:^5.0.0"
  checksum: 10c0/75fd739f5c4c60a667cce35ccaf0edf135e147ef0be9a029cab75de14ac9421779b15339d562e58d25b233ea0ef2bbd4c916f149fdbcb73c2b9a62209e611343
  languageName: node
  linkType: hard

"ajv-cli@npm:^5.0.0":
  version: 5.0.0
  resolution: "ajv-cli@npm:5.0.0"
  dependencies:
    ajv: "npm:^8.0.0"
    fast-json-patch: "npm:^2.0.0"
    glob: "npm:^7.1.0"
    js-yaml: "npm:^3.14.0"
    json-schema-migrate: "npm:^2.0.0"
    json5: "npm:^2.1.3"
    minimist: "npm:^1.2.0"
  peerDependencies:
    ts-node: ">=9.0.0"
  peerDependenciesMeta:
    ts-node:
      optional: true
  bin:
    ajv: dist/index.js
  checksum: 10c0/91c70cb3997fefdb32157b20278643d9ccf6e4897a6b8babf42d6bdb55cb1b7df31524bd5589bf897be14378893b4cf21c366ba313708c3d618e0e976292d7f1
  languageName: node
  linkType: hard

"ajv@npm:^8.0.0":
  version: 8.11.2
  resolution: "ajv@npm:8.11.2"
  dependencies:
    fast-deep-equal: "npm:^3.1.1"
    json-schema-traverse: "npm:^1.0.0"
    require-from-string: "npm:^2.0.2"
    uri-js: "npm:^4.2.2"
  checksum: 10c0/152450e03f45e6ff09dab02d9647340e7bf7bcffbe88047b1c5ad7518cc278aa812f1f41606958772a93861b06b8abc91ddb9e124626aab253a9efef875d8e2c
  languageName: node
  linkType: hard

"ajv@npm:^8.12.0":
  version: 8.12.0
  resolution: "ajv@npm:8.12.0"
  dependencies:
    fast-deep-equal: "npm:^3.1.1"
    json-schema-traverse: "npm:^1.0.0"
    require-from-string: "npm:^2.0.2"
    uri-js: "npm:^4.2.2"
  checksum: 10c0/ac4f72adf727ee425e049bc9d8b31d4a57e1c90da8d28bcd23d60781b12fcd6fc3d68db5df16994c57b78b94eed7988f5a6b482fd376dc5b084125e20a0a622e
  languageName: node
  linkType: hard

"ansi-styles@npm:^3.2.1":
  version: 3.2.1
  resolution: "ansi-styles@npm:3.2.1"
  dependencies:
    color-convert: "npm:^1.9.0"
  checksum: 10c0/ece5a8ef069fcc5298f67e3f4771a663129abd174ea2dfa87923a2be2abf6cd367ef72ac87942da00ce85bd1d651d4cd8595aebdb1b385889b89b205860e977b
  languageName: node
  linkType: hard

"argparse@npm:^1.0.7":
  version: 1.0.10
  resolution: "argparse@npm:1.0.10"
  dependencies:
    sprintf-js: "npm:~1.0.2"
  checksum: 10c0/b2972c5c23c63df66bca144dbc65d180efa74f25f8fd9b7d9a0a6c88ae839db32df3d54770dcb6460cf840d232b60695d1a6b1053f599d84e73f7437087712de
  languageName: node
  linkType: hard

"argparse@npm:^2.0.1":
  version: 2.0.1
  resolution: "argparse@npm:2.0.1"
  checksum: 10c0/c5640c2d89045371c7cedd6a70212a04e360fd34d6edeae32f6952c63949e3525ea77dbec0289d8213a99bbaeab5abfa860b5c12cf88a2e6cf8106e90dd27a7e
  languageName: node
  linkType: hard

"array-union@npm:^1.0.1":
  version: 1.0.2
  resolution: "array-union@npm:1.0.2"
  dependencies:
    array-uniq: "npm:^1.0.1"
  checksum: 10c0/18686767c0cfdae8dc4acf5ac119b0f0eacad82b7fcc0aa62cc41f93c5ad406d494b6a6e53d85e52e8f0349b67a4fec815feeb537e95c02510d747bc9a4157c7
  languageName: node
  linkType: hard

"array-uniq@npm:^1.0.1":
  version: 1.0.3
  resolution: "array-uniq@npm:1.0.3"
  checksum: 10c0/3acbaf9e6d5faeb1010e2db04ab171b8d265889e46c61762e502979bdc5e55656013726e9a61507de3c82d329a0dc1e8072630a3454b4f2b881cb19ba7fd8aa6
  languageName: node
  linkType: hard

"arrify@npm:^1.0.1":
  version: 1.0.1
  resolution: "arrify@npm:1.0.1"
  checksum: 10c0/c35c8d1a81bcd5474c0c57fe3f4bad1a4d46a5fa353cedcff7a54da315df60db71829e69104b859dff96c5d68af46bd2be259fe5e50dc6aa9df3b36bea0383ab
  languageName: node
  linkType: hard

"balanced-match@npm:^1.0.0":
  version: 1.0.2
  resolution: "balanced-match@npm:1.0.2"
  checksum: 10c0/9308baf0a7e4838a82bbfd11e01b1cb0f0cf2893bc1676c27c2a8c0e70cbae1c59120c3268517a8ae7fb6376b4639ef81ca22582611dbee4ed28df945134aaee
  languageName: node
  linkType: hard

"brace-expansion@npm:^1.1.7":
  version: 1.1.11
  resolution: "brace-expansion@npm:1.1.11"
  dependencies:
    balanced-match: "npm:^1.0.0"
    concat-map: "npm:0.0.1"
  checksum: 10c0/695a56cd058096a7cb71fb09d9d6a7070113c7be516699ed361317aca2ec169f618e28b8af352e02ab4233fb54eb0168460a40dc320bab0034b36ab59aaad668
  languageName: node
  linkType: hard

"buttplug-device-config@workspace:.":
  version: 0.0.0-use.local
  resolution: "buttplug-device-config@workspace:."
  dependencies:
    ajv: "npm:^8.12.0"
    ajv-cli: "npm:^5.0.0"
    js-yaml: "npm:^4.1.0"
    trash-cli: "npm:^5.0.0"
  languageName: unknown
  linkType: soft

"camelcase-keys@npm:^7.0.0":
  version: 7.0.2
  resolution: "camelcase-keys@npm:7.0.2"
  dependencies:
    camelcase: "npm:^6.3.0"
    map-obj: "npm:^4.1.0"
    quick-lru: "npm:^5.1.1"
    type-fest: "npm:^1.2.1"
  checksum: 10c0/ae86a51168643e9e8a2f2c7bfa17850729979ec3dafc5253056a7d97931cbb0e3ef5b4185e59d54b7a56c54405dee2874b0c82033498d8626e512ff9034cb05c
  languageName: node
  linkType: hard

"camelcase@npm:^6.3.0":
  version: 6.3.0
  resolution: "camelcase@npm:6.3.0"
  checksum: 10c0/0d701658219bd3116d12da3eab31acddb3f9440790c0792e0d398f0a520a6a4058018e546862b6fba89d7ae990efaeb97da71e1913e9ebf5a8b5621a3d55c710
  languageName: node
  linkType: hard

"chalk@npm:^2.0.0":
  version: 2.4.2
  resolution: "chalk@npm:2.4.2"
  dependencies:
    ansi-styles: "npm:^3.2.1"
    escape-string-regexp: "npm:^1.0.5"
    supports-color: "npm:^5.3.0"
  checksum: 10c0/e6543f02ec877732e3a2d1c3c3323ddb4d39fbab687c23f526e25bd4c6a9bf3b83a696e8c769d078e04e5754921648f7821b2a2acfd16c550435fd630026e073
  languageName: node
  linkType: hard

"clean-stack@npm:^4.0.0":
  version: 4.2.0
  resolution: "clean-stack@npm:4.2.0"
  dependencies:
    escape-string-regexp: "npm:5.0.0"
  checksum: 10c0/2bdf981a0fef0a23c14255df693b30eb9ae27eedf212470d8c400a0c0b6fb82fbf1ff8c5216ccd5721e3670b700389c886b1dce5070776dc9fbcc040957758c0
  languageName: node
  linkType: hard

"color-convert@npm:^1.9.0":
  version: 1.9.3
  resolution: "color-convert@npm:1.9.3"
  dependencies:
    color-name: "npm:1.1.3"
  checksum: 10c0/5ad3c534949a8c68fca8fbc6f09068f435f0ad290ab8b2f76841b9e6af7e0bb57b98cb05b0e19fe33f5d91e5a8611ad457e5f69e0a484caad1f7487fd0e8253c
  languageName: node
  linkType: hard

"color-name@npm:1.1.3":
  version: 1.1.3
  resolution: "color-name@npm:1.1.3"
  checksum: 10c0/566a3d42cca25b9b3cd5528cd7754b8e89c0eb646b7f214e8e2eaddb69994ac5f0557d9c175eb5d8f0ad73531140d9c47525085ee752a91a2ab15ab459caf6d6
  languageName: node
  linkType: hard

"concat-map@npm:0.0.1":
  version: 0.0.1
  resolution: "concat-map@npm:0.0.1"
  checksum: 10c0/c996b1cfdf95b6c90fee4dae37e332c8b6eb7d106430c17d538034c0ad9a1630cb194d2ab37293b1bdd4d779494beee7786d586a50bd9376fd6f7bcc2bd4c98f
  languageName: node
  linkType: hard

"cross-spawn@npm:^7.0.0":
  version: 7.0.3
  resolution: "cross-spawn@npm:7.0.3"
  dependencies:
    path-key: "npm:^3.1.0"
    shebang-command: "npm:^2.0.0"
    which: "npm:^2.0.1"
  checksum: 10c0/5738c312387081c98d69c98e105b6327b069197f864a60593245d64c8089c8a0a744e16349281210d56835bb9274130d825a78b2ad6853ca13cfbeffc0c31750
  languageName: node
  linkType: hard

"decamelize-keys@npm:^1.1.0":
  version: 1.1.1
  resolution: "decamelize-keys@npm:1.1.1"
  dependencies:
    decamelize: "npm:^1.1.0"
    map-obj: "npm:^1.0.0"
  checksum: 10c0/4ca385933127437658338c65fb9aead5f21b28d3dd3ccd7956eb29aab0953b5d3c047fbc207111672220c71ecf7a4d34f36c92851b7bbde6fca1a02c541bdd7d
  languageName: node
  linkType: hard

"decamelize@npm:^1.1.0":
  version: 1.2.0
  resolution: "decamelize@npm:1.2.0"
  checksum: 10c0/85c39fe8fbf0482d4a1e224ef0119db5c1897f8503bcef8b826adff7a1b11414972f6fef2d7dec2ee0b4be3863cf64ac1439137ae9e6af23a3d8dcbe26a5b4b2
  languageName: node
  linkType: hard

"decamelize@npm:^5.0.0":
  version: 5.0.1
  resolution: "decamelize@npm:5.0.1"
  checksum: 10c0/3da71022bc1e85487810fa0833138effb599fa331ca21e179650e93a765d0c4dabeb1ecdd6ad1474fa0bacd2457953c63ea335afb6e53b35f2b4bf779514e2a3
  languageName: node
  linkType: hard

"dir-glob@npm:^2.0.0":
  version: 2.2.2
  resolution: "dir-glob@npm:2.2.2"
  dependencies:
    path-type: "npm:^3.0.0"
  checksum: 10c0/67575fd496df80ec90969f1a9f881f03b4ef614ca2c07139df81a12f9816250780dff906f482def0f897dd748d22fa13c076b52ac635e0024f7d434846077a3a
  languageName: node
  linkType: hard

"end-of-stream@npm:^1.1.0":
  version: 1.4.4
  resolution: "end-of-stream@npm:1.4.4"
  dependencies:
    once: "npm:^1.4.0"
  checksum: 10c0/870b423afb2d54bb8d243c63e07c170409d41e20b47eeef0727547aea5740bd6717aca45597a9f2745525667a6b804c1e7bede41f856818faee5806dd9ff3975
  languageName: node
  linkType: hard

"error-ex@npm:^1.3.1":
  version: 1.3.2
  resolution: "error-ex@npm:1.3.2"
  dependencies:
    is-arrayish: "npm:^0.2.1"
  checksum: 10c0/ba827f89369b4c93382cfca5a264d059dfefdaa56ecc5e338ffa58a6471f5ed93b71a20add1d52290a4873d92381174382658c885ac1a2305f7baca363ce9cce
  languageName: node
  linkType: hard

"escape-string-regexp@npm:5.0.0":
  version: 5.0.0
  resolution: "escape-string-regexp@npm:5.0.0"
  checksum: 10c0/6366f474c6f37a802800a435232395e04e9885919873e382b157ab7e8f0feb8fed71497f84a6f6a81a49aab41815522f5839112bd38026d203aea0c91622df95
  languageName: node
  linkType: hard

"escape-string-regexp@npm:^1.0.5":
  version: 1.0.5
  resolution: "escape-string-regexp@npm:1.0.5"
  checksum: 10c0/a968ad453dd0c2724e14a4f20e177aaf32bb384ab41b674a8454afe9a41c5e6fe8903323e0a1052f56289d04bd600f81278edf140b0fcc02f5cac98d0f5b5371
  languageName: node
  linkType: hard

"esprima@npm:^4.0.0":
  version: 4.0.1
  resolution: "esprima@npm:4.0.1"
  bin:
    esparse: ./bin/esparse.js
    esvalidate: ./bin/esvalidate.js
  checksum: 10c0/ad4bab9ead0808cf56501750fd9d3fb276f6b105f987707d059005d57e182d18a7c9ec7f3a01794ebddcca676773e42ca48a32d67a250c9d35e009ca613caba3
  languageName: node
  linkType: hard

"execa@npm:^2.0.1":
  version: 2.1.0
  resolution: "execa@npm:2.1.0"
  dependencies:
    cross-spawn: "npm:^7.0.0"
    get-stream: "npm:^5.0.0"
    is-stream: "npm:^2.0.0"
    merge-stream: "npm:^2.0.0"
    npm-run-path: "npm:^3.0.0"
    onetime: "npm:^5.1.0"
    p-finally: "npm:^2.0.0"
    signal-exit: "npm:^3.0.2"
    strip-final-newline: "npm:^2.0.0"
  checksum: 10c0/6578db04a18a9d166a2de6f85be2f1130315fe5917d8163fdbbeaaec39f89cc20448e243dffe833f58b93c210fb3b19e3612c155c81853722497100b8230c34c
  languageName: node
  linkType: hard

"fast-deep-equal@npm:^2.0.1":
  version: 2.0.1
  resolution: "fast-deep-equal@npm:2.0.1"
  checksum: 10c0/1602e0d6ed63493c865cc6b03f9070d6d3926e8cd086a123060b58f80a295f3f08b1ecfb479ae7c45b7fd45535202aea7cf5b49bc31bffb81c20b1502300be84
  languageName: node
  linkType: hard

"fast-deep-equal@npm:^3.1.1":
  version: 3.1.3
  resolution: "fast-deep-equal@npm:3.1.3"
  checksum: 10c0/40dedc862eb8992c54579c66d914635afbec43350afbbe991235fdcb4e3a8d5af1b23ae7e79bef7d4882d0ecee06c3197488026998fb19f72dc95acff1d1b1d0
  languageName: node
  linkType: hard

"fast-json-patch@npm:^2.0.0":
  version: 2.2.1
  resolution: "fast-json-patch@npm:2.2.1"
  dependencies:
    fast-deep-equal: "npm:^2.0.1"
  checksum: 10c0/3200148b8244081ac628e8044a3ba6c42bbe26542d1586b0e87221bff8d5ef58252a2dd846a709ff4683cf826e89123025c2708729933dde859430a40f0d321e
  languageName: node
  linkType: hard

"find-up@npm:^5.0.0":
  version: 5.0.0
  resolution: "find-up@npm:5.0.0"
  dependencies:
    locate-path: "npm:^6.0.0"
    path-exists: "npm:^4.0.0"
  checksum: 10c0/062c5a83a9c02f53cdd6d175a37ecf8f87ea5bbff1fdfb828f04bfa021441bc7583e8ebc0872a4c1baab96221fb8a8a275a19809fb93fbc40bd69ec35634069a
  languageName: node
  linkType: hard

"fs.realpath@npm:^1.0.0":
  version: 1.0.0
  resolution: "fs.realpath@npm:1.0.0"
  checksum: 10c0/444cf1291d997165dfd4c0d58b69f0e4782bfd9149fd72faa4fe299e68e0e93d6db941660b37dd29153bf7186672ececa3b50b7e7249477b03fdf850f287c948
  languageName: node
  linkType: hard

"function-bind@npm:^1.1.1":
  version: 1.1.1
  resolution: "function-bind@npm:1.1.1"
  checksum: 10c0/60b74b2407e1942e1ed7f8c284f8ef714d0689dcfce5319985a5b7da3fc727f40b4a59ec72dc55aa83365ad7b8fa4fac3a30d93c850a2b452f29ae03dbc10a1e
  languageName: node
  linkType: hard

"get-stream@npm:^5.0.0":
  version: 5.2.0
  resolution: "get-stream@npm:5.2.0"
  dependencies:
    pump: "npm:^3.0.0"
  checksum: 10c0/43797ffd815fbb26685bf188c8cfebecb8af87b3925091dd7b9a9c915993293d78e3c9e1bce125928ff92f2d0796f3889b92b5ec6d58d1041b574682132e0a80
  languageName: node
  linkType: hard

"glob@npm:^7.1.0, glob@npm:^7.1.2":
  version: 7.1.7
  resolution: "glob@npm:7.1.7"
  dependencies:
    fs.realpath: "npm:^1.0.0"
    inflight: "npm:^1.0.4"
    inherits: "npm:2"
    minimatch: "npm:^3.0.4"
    once: "npm:^1.3.0"
    path-is-absolute: "npm:^1.0.0"
  checksum: 10c0/173245e6f9ccf904309eb7ef4a44a11f3bf68e9e341dff5a28b5db0dd7123b7506daf41497f3437a0710f57198187b758c2351eeaabce4d16935e956920da6a4
  languageName: node
  linkType: hard

"globby@npm:^7.1.1":
  version: 7.1.1
  resolution: "globby@npm:7.1.1"
  dependencies:
    array-union: "npm:^1.0.1"
    dir-glob: "npm:^2.0.0"
    glob: "npm:^7.1.2"
    ignore: "npm:^3.3.5"
    pify: "npm:^3.0.0"
    slash: "npm:^1.0.0"
  checksum: 10c0/016d4dfac6069221b2db18ad6afb0011639899920dbec87492ddc048fcd433361e6c094b12451ab14cf062013a776f47ef21bb8289d5e09a2f23e81d5aec0f8e
  languageName: node
  linkType: hard

"hard-rejection@npm:^2.1.0":
  version: 2.1.0
  resolution: "hard-rejection@npm:2.1.0"
  checksum: 10c0/febc3343a1ad575aedcc112580835b44a89a89e01f400b4eda6e8110869edfdab0b00cd1bd4c3bfec9475a57e79e0b355aecd5be46454b6a62b9a359af60e564
  languageName: node
  linkType: hard

"has-flag@npm:^3.0.0":
  version: 3.0.0
  resolution: "has-flag@npm:3.0.0"
  checksum: 10c0/1c6c83b14b8b1b3c25b0727b8ba3e3b647f99e9e6e13eb7322107261de07a4c1be56fc0d45678fc376e09772a3a1642ccdaf8fc69bdf123b6c086598397ce473
  languageName: node
  linkType: hard

"has@npm:^1.0.3":
  version: 1.0.3
  resolution: "has@npm:1.0.3"
  dependencies:
    function-bind: "npm:^1.1.1"
  checksum: 10c0/e1da0d2bd109f116b632f27782cf23182b42f14972ca9540e4c5aa7e52647407a0a4a76937334fddcb56befe94a3494825ec22b19b51f5e5507c3153fd1a5e1b
  languageName: node
  linkType: hard

"hosted-git-info@npm:^4.0.1":
  version: 4.1.0
  resolution: "hosted-git-info@npm:4.1.0"
  dependencies:
    lru-cache: "npm:^6.0.0"
  checksum: 10c0/150fbcb001600336d17fdbae803264abed013548eea7946c2264c49ebe2ebd8c4441ba71dd23dd8e18c65de79d637f98b22d4760ba5fb2e0b15d62543d0fff07
  languageName: node
  linkType: hard

"ignore@npm:^3.3.5":
  version: 3.3.10
  resolution: "ignore@npm:3.3.10"
  checksum: 10c0/973e0ef3b3eaab8fc19014d80014ed11bcf3585de8088d9c7a5b5c4edefc55f4ecdc498144bdd0440b8e2ff22deb03f89c90300bfef2d1750d5920f997d0a600
  languageName: node
  linkType: hard

"indent-string@npm:^5.0.0":
  version: 5.0.0
  resolution: "indent-string@npm:5.0.0"
  checksum: 10c0/8ee77b57d92e71745e133f6f444d6fa3ed503ad0e1bcd7e80c8da08b42375c07117128d670589725ed07b1978065803fa86318c309ba45415b7fe13e7f170220
  languageName: node
  linkType: hard

"inflight@npm:^1.0.4":
  version: 1.0.6
  resolution: "inflight@npm:1.0.6"
  dependencies:
    once: "npm:^1.3.0"
    wrappy: "npm:1"
  checksum: 10c0/7faca22584600a9dc5b9fca2cd5feb7135ac8c935449837b315676b4c90aa4f391ec4f42240178244b5a34e8bede1948627fda392ca3191522fc46b34e985ab2
  languageName: node
  linkType: hard

"inherits@npm:2":
  version: 2.0.4
  resolution: "inherits@npm:2.0.4"
  checksum: 10c0/4e531f648b29039fb7426fb94075e6545faa1eb9fe83c29f0b6d9e7263aceb4289d2d4557db0d428188eeb449cc7c5e77b0a0b2c4e248ff2a65933a0dee49ef2
  languageName: node
  linkType: hard

"is-arrayish@npm:^0.2.1":
  version: 0.2.1
  resolution: "is-arrayish@npm:0.2.1"
  checksum: 10c0/e7fb686a739068bb70f860b39b67afc62acc62e36bb61c5f965768abce1873b379c563e61dd2adad96ebb7edf6651111b385e490cf508378959b0ed4cac4e729
  languageName: node
  linkType: hard

"is-core-module@npm:^2.5.0":
  version: 2.11.0
  resolution: "is-core-module@npm:2.11.0"
  dependencies:
    has: "npm:^1.0.3"
  checksum: 10c0/fd8f78ef4e243c295deafa809f89381d89aff5aaf38bb63266b17ee6e34b6a051baa5bdc2365456863336d56af6a59a4c1df1256b4eff7d6b4afac618586b004
  languageName: node
  linkType: hard

"is-path-inside@npm:^4.0.0":
  version: 4.0.0
  resolution: "is-path-inside@npm:4.0.0"
  checksum: 10c0/51188d7e2b1d907a9a5f7c18d99a90b60870b951ed87cf97595d9aaa429d4c010652c3350bcbf31182e7f4b0eab9a1860b43e16729b13cb1a44baaa6cdb64c46
  languageName: node
  linkType: hard

"is-plain-obj@npm:^1.1.0":
  version: 1.1.0
  resolution: "is-plain-obj@npm:1.1.0"
  checksum: 10c0/daaee1805add26f781b413fdf192fc91d52409583be30ace35c82607d440da63cc4cac0ac55136716688d6c0a2c6ef3edb2254fecbd1fe06056d6bd15975ee8c
  languageName: node
  linkType: hard

"is-stream@npm:^2.0.0":
  version: 2.0.1
  resolution: "is-stream@npm:2.0.1"
  checksum: 10c0/7c284241313fc6efc329b8d7f08e16c0efeb6baab1b4cd0ba579eb78e5af1aa5da11e68559896a2067cd6c526bd29241dda4eb1225e627d5aa1a89a76d4635a5
  languageName: node
  linkType: hard

"isexe@npm:^2.0.0":
  version: 2.0.0
  resolution: "isexe@npm:2.0.0"
  checksum: 10c0/228cfa503fadc2c31596ab06ed6aa82c9976eec2bfd83397e7eaf06d0ccf42cd1dfd6743bf9aeb01aebd4156d009994c5f76ea898d2832c1fe342da923ca457d
  languageName: node
  linkType: hard

"js-tokens@npm:^4.0.0":
  version: 4.0.0
  resolution: "js-tokens@npm:4.0.0"
  checksum: 10c0/e248708d377aa058eacf2037b07ded847790e6de892bbad3dac0abba2e759cb9f121b00099a65195616badcb6eca8d14d975cb3e89eb1cfda644756402c8aeed
  languageName: node
  linkType: hard

"js-yaml@npm:^3.14.0":
  version: 3.14.1
  resolution: "js-yaml@npm:3.14.1"
  dependencies:
    argparse: "npm:^1.0.7"
    esprima: "npm:^4.0.0"
  bin:
    js-yaml: bin/js-yaml.js
  checksum: 10c0/6746baaaeac312c4db8e75fa22331d9a04cccb7792d126ed8ce6a0bbcfef0cedaddd0c5098fade53db067c09fe00aa1c957674b4765610a8b06a5a189e46433b
  languageName: node
  linkType: hard

"js-yaml@npm:^4.1.0":
  version: 4.1.0
  resolution: "js-yaml@npm:4.1.0"
  dependencies:
    argparse: "npm:^2.0.1"
  bin:
    js-yaml: bin/js-yaml.js
  checksum: 10c0/184a24b4eaacfce40ad9074c64fd42ac83cf74d8c8cd137718d456ced75051229e5061b8633c3366b8aada17945a7a356b337828c19da92b51ae62126575018f
  languageName: node
  linkType: hard

"json-parse-even-better-errors@npm:^2.3.0":
  version: 2.3.1
  resolution: "json-parse-even-better-errors@npm:2.3.1"
  checksum: 10c0/140932564c8f0b88455432e0f33c4cb4086b8868e37524e07e723f4eaedb9425bdc2bafd71bd1d9765bd15fd1e2d126972bc83990f55c467168c228c24d665f3
  languageName: node
  linkType: hard

"json-schema-migrate@npm:^2.0.0":
  version: 2.0.0
  resolution: "json-schema-migrate@npm:2.0.0"
  dependencies:
    ajv: "npm:^8.0.0"
  checksum: 10c0/9d14970cd1cab496b0a5dc52c3a69a0346dc2bd4ce3135a3561739eddb46cb7696dc815ff9ddcd015c4c4532b56495a1ec5db4b141b77e6d2c9c7b492cd02c6a
  languageName: node
  linkType: hard

"json-schema-traverse@npm:^1.0.0":
  version: 1.0.0
  resolution: "json-schema-traverse@npm:1.0.0"
  checksum: 10c0/71e30015d7f3d6dc1c316d6298047c8ef98a06d31ad064919976583eb61e1018a60a0067338f0f79cabc00d84af3fcc489bd48ce8a46ea165d9541ba17fb30c6
  languageName: node
  linkType: hard

"json5@npm:^2.1.3":
  version: 2.2.0
  resolution: "json5@npm:2.2.0"
  dependencies:
    minimist: "npm:^1.2.5"
  bin:
    json5: lib/cli.js
  checksum: 10c0/fbe021f69fa100f0a863e5ab9105ead3971ad5141e7c0dc5134c6148545dae98a69602fb8f9f4dd65af0db7ca00887bf5b35af60be34c10f58fb5fc1f2366a4e
  languageName: node
  linkType: hard

"kind-of@npm:^6.0.3":
  version: 6.0.3
  resolution: "kind-of@npm:6.0.3"
  checksum: 10c0/61cdff9623dabf3568b6445e93e31376bee1cdb93f8ba7033d86022c2a9b1791a1d9510e026e6465ebd701a6dd2f7b0808483ad8838341ac52f003f512e0b4c4
  languageName: node
  linkType: hard

"lines-and-columns@npm:^1.1.6":
  version: 1.2.4
  resolution: "lines-and-columns@npm:1.2.4"
  checksum: 10c0/3da6ee62d4cd9f03f5dc90b4df2540fb85b352081bee77fe4bbcd12c9000ead7f35e0a38b8d09a9bb99b13223446dd8689ff3c4959807620726d788701a83d2d
  languageName: node
  linkType: hard

"locate-path@npm:^6.0.0":
  version: 6.0.0
  resolution: "locate-path@npm:6.0.0"
  dependencies:
    p-locate: "npm:^5.0.0"
  checksum: 10c0/d3972ab70dfe58ce620e64265f90162d247e87159b6126b01314dd67be43d50e96a50b517bce2d9452a79409c7614054c277b5232377de50416564a77ac7aad3
  languageName: node
  linkType: hard

"lru-cache@npm:^6.0.0":
  version: 6.0.0
  resolution: "lru-cache@npm:6.0.0"
  dependencies:
    yallist: "npm:^4.0.0"
  checksum: 10c0/cb53e582785c48187d7a188d3379c181b5ca2a9c78d2bce3e7dee36f32761d1c42983da3fe12b55cb74e1779fa94cdc2e5367c028a9b35317184ede0c07a30a9
  languageName: node
  linkType: hard

"map-obj@npm:^1.0.0":
  version: 1.0.1
  resolution: "map-obj@npm:1.0.1"
  checksum: 10c0/ccca88395e7d38671ed9f5652ecf471ecd546924be2fb900836b9da35e068a96687d96a5f93dcdfa94d9a27d649d2f10a84595590f89a347fb4dda47629dcc52
  languageName: node
  linkType: hard

"map-obj@npm:^4.1.0":
  version: 4.3.0
  resolution: "map-obj@npm:4.3.0"
  checksum: 10c0/1c19e1c88513c8abdab25c316367154c6a0a6a0f77e3e8c391bb7c0e093aefed293f539d026dc013d86219e5e4c25f23b0003ea588be2101ccd757bacc12d43b
  languageName: node
  linkType: hard

"meow@npm:^10.1.2":
  version: 10.1.5
  resolution: "meow@npm:10.1.5"
  dependencies:
    "@types/minimist": "npm:^1.2.2"
    camelcase-keys: "npm:^7.0.0"
    decamelize: "npm:^5.0.0"
    decamelize-keys: "npm:^1.1.0"
    hard-rejection: "npm:^2.1.0"
    minimist-options: "npm:4.1.0"
    normalize-package-data: "npm:^3.0.2"
    read-pkg-up: "npm:^8.0.0"
    redent: "npm:^4.0.0"
    trim-newlines: "npm:^4.0.2"
    type-fest: "npm:^1.2.2"
    yargs-parser: "npm:^20.2.9"
  checksum: 10c0/a513849022edd5ddcc41d28c679d31978abe414d9db5bc457e95e537a4327b2910fd2f699cdd883293f9a5da8951a50939bf60fbd62f7fe12b9ddf96a84b1b27
  languageName: node
  linkType: hard

"merge-stream@npm:^2.0.0":
  version: 2.0.0
  resolution: "merge-stream@npm:2.0.0"
  checksum: 10c0/867fdbb30a6d58b011449b8885601ec1690c3e41c759ecd5a9d609094f7aed0096c37823ff4a7190ef0b8f22cc86beb7049196ff68c016e3b3c671d0dac91ce5
  languageName: node
  linkType: hard

"mimic-fn@npm:^2.1.0":
  version: 2.1.0
  resolution: "mimic-fn@npm:2.1.0"
  checksum: 10c0/b26f5479d7ec6cc2bce275a08f146cf78f5e7b661b18114e2506dd91ec7ec47e7a25bf4360e5438094db0560bcc868079fb3b1fb3892b833c1ecbf63f80c95a4
  languageName: node
  linkType: hard

"min-indent@npm:^1.0.1":
  version: 1.0.1
  resolution: "min-indent@npm:1.0.1"
  checksum: 10c0/7e207bd5c20401b292de291f02913230cb1163abca162044f7db1d951fa245b174dc00869d40dd9a9f32a885ad6a5f3e767ee104cf278f399cb4e92d3f582d5c
  languageName: node
  linkType: hard

"minimatch@npm:^3.0.4":
  version: 3.1.2
  resolution: "minimatch@npm:3.1.2"
  dependencies:
    brace-expansion: "npm:^1.1.7"
  checksum: 10c0/0262810a8fc2e72cca45d6fd86bd349eee435eb95ac6aa45c9ea2180e7ee875ef44c32b55b5973ceabe95ea12682f6e3725cbb63d7a2d1da3ae1163c8b210311
  languageName: node
  linkType: hard

"minimist-options@npm:4.1.0":
  version: 4.1.0
  resolution: "minimist-options@npm:4.1.0"
  dependencies:
    arrify: "npm:^1.0.1"
    is-plain-obj: "npm:^1.1.0"
    kind-of: "npm:^6.0.3"
  checksum: 10c0/7871f9cdd15d1e7374e5b013e2ceda3d327a06a8c7b38ae16d9ef941e07d985e952c589e57213f7aa90a8744c60aed9524c0d85e501f5478382d9181f2763f54
  languageName: node
  linkType: hard

"minimist@npm:^1.2.0, minimist@npm:^1.2.5":
  version: 1.2.8
  resolution: "minimist@npm:1.2.8"
  checksum: 10c0/19d3fcdca050087b84c2029841a093691a91259a47def2f18222f41e7645a0b7c44ef4b40e88a1e58a40c84d2ef0ee6047c55594d298146d0eb3f6b737c20ce6
  languageName: node
  linkType: hard

"mount-point@npm:^3.0.0":
  version: 3.0.0
  resolution: "mount-point@npm:3.0.0"
  dependencies:
    "@sindresorhus/df": "npm:^1.0.1"
    pify: "npm:^2.3.0"
    pinkie-promise: "npm:^2.0.1"
  checksum: 10c0/1837afa180c55f9d6b01f04680e4aae4561ef94f1e7db8747f60c6130e4932e8e6cf6c42febd15502985761726e1f3ad989ac9a5ab86eca61b9577935d64d222
  languageName: node
  linkType: hard

"move-file@npm:^3.0.0":
  version: 3.0.0
  resolution: "move-file@npm:3.0.0"
  dependencies:
    path-exists: "npm:^5.0.0"
  checksum: 10c0/c91ab16367db25faf84586ffc7e3cca24ba2bcc59d69166cd45170e170b56fad1721520412eb91dd14265b44f00feac886a4bbed8073f5fd84fca5269d3950a4
  languageName: node
  linkType: hard

"normalize-package-data@npm:^3.0.2":
  version: 3.0.3
  resolution: "normalize-package-data@npm:3.0.3"
  dependencies:
    hosted-git-info: "npm:^4.0.1"
    is-core-module: "npm:^2.5.0"
    semver: "npm:^7.3.4"
    validate-npm-package-license: "npm:^3.0.1"
  checksum: 10c0/e5d0f739ba2c465d41f77c9d950e291ea4af78f8816ddb91c5da62257c40b76d8c83278b0d08ffbcd0f187636ebddad20e181e924873916d03e6e5ea2ef026be
  languageName: node
  linkType: hard

"npm-run-path@npm:^3.0.0":
  version: 3.1.0
  resolution: "npm-run-path@npm:3.1.0"
  dependencies:
    path-key: "npm:^3.0.0"
  checksum: 10c0/8399f01239e9a5bf5a10bddbc71ecac97e0b7890e5b78abe9731fc759db48865b0686cc86ec079cd254a98ba119a3fa08f1b23f9de1a5428c19007bbc7b5a728
  languageName: node
  linkType: hard

"once@npm:^1.3.0, once@npm:^1.3.1, once@npm:^1.4.0":
  version: 1.4.0
  resolution: "once@npm:1.4.0"
  dependencies:
    wrappy: "npm:1"
  checksum: 10c0/5d48aca287dfefabd756621c5dfce5c91a549a93e9fdb7b8246bc4c4790aa2ec17b34a260530474635147aeb631a2dcc8b32c613df0675f96041cbb8244517d0
  languageName: node
  linkType: hard

"onetime@npm:^5.1.0":
  version: 5.1.2
  resolution: "onetime@npm:5.1.2"
  dependencies:
    mimic-fn: "npm:^2.1.0"
  checksum: 10c0/ffcef6fbb2692c3c40749f31ea2e22677a876daea92959b8a80b521d95cca7a668c884d8b2045d1d8ee7d56796aa405c405462af112a1477594cc63531baeb8f
  languageName: node
  linkType: hard

"os-homedir@npm:^1.0.0":
  version: 1.0.2
  resolution: "os-homedir@npm:1.0.2"
  checksum: 10c0/6be4aa67317ee247b8d46142e243fb4ef1d2d65d3067f54bfc5079257a2f4d4d76b2da78cba7af3cb3f56dbb2e4202e0c47f26171d11ca1ed4008d842c90363f
  languageName: node
  linkType: hard

"p-finally@npm:^2.0.0":
  version: 2.0.1
  resolution: "p-finally@npm:2.0.1"
  checksum: 10c0/a4ee34179f5e0eb5417462ca5afbca4b6b537b051ea87c8ec7649ffb2b60a8e82a06441792fe496ab0d0156c4060a3dfd707973915a1b8369b00f2531e3eab94
  languageName: node
  linkType: hard

"p-limit@npm:^3.0.2":
  version: 3.1.0
  resolution: "p-limit@npm:3.1.0"
  dependencies:
    yocto-queue: "npm:^0.1.0"
  checksum: 10c0/9db675949dbdc9c3763c89e748d0ef8bdad0afbb24d49ceaf4c46c02c77d30db4e0652ed36d0a0a7a95154335fab810d95c86153105bb73b3a90448e2bb14e1a
  languageName: node
  linkType: hard

"p-locate@npm:^5.0.0":
  version: 5.0.0
  resolution: "p-locate@npm:5.0.0"
  dependencies:
    p-limit: "npm:^3.0.2"
  checksum: 10c0/2290d627ab7903b8b70d11d384fee714b797f6040d9278932754a6860845c4d3190603a0772a663c8cb5a7b21d1b16acb3a6487ebcafa9773094edc3dfe6009a
  languageName: node
  linkType: hard

"p-map@npm:^5.1.0":
  version: 5.5.0
  resolution: "p-map@npm:5.5.0"
  dependencies:
    aggregate-error: "npm:^4.0.0"
  checksum: 10c0/410bce846b1e3db6bb2ccab6248372ecf4e635fc2b31331c8f56478e73fec9e146e8b4547585e635703160a3d252a6a65b8f855834aebc2c3408eb5789630cc4
  languageName: node
  linkType: hard

"parse-json@npm:^5.2.0":
  version: 5.2.0
  resolution: "parse-json@npm:5.2.0"
  dependencies:
    "@babel/code-frame": "npm:^7.0.0"
    error-ex: "npm:^1.3.1"
    json-parse-even-better-errors: "npm:^2.3.0"
    lines-and-columns: "npm:^1.1.6"
  checksum: 10c0/77947f2253005be7a12d858aedbafa09c9ae39eb4863adf330f7b416ca4f4a08132e453e08de2db46459256fb66afaac5ee758b44fe6541b7cdaf9d252e59585
  languageName: node
  linkType: hard

"path-exists@npm:^4.0.0":
  version: 4.0.0
  resolution: "path-exists@npm:4.0.0"
  checksum: 10c0/8c0bd3f5238188197dc78dced15207a4716c51cc4e3624c44fc97acf69558f5ebb9a2afff486fe1b4ee148e0c133e96c5e11a9aa5c48a3006e3467da070e5e1b
  languageName: node
  linkType: hard

"path-exists@npm:^5.0.0":
  version: 5.0.0
  resolution: "path-exists@npm:5.0.0"
  checksum: 10c0/b170f3060b31604cde93eefdb7392b89d832dfbc1bed717c9718cbe0f230c1669b7e75f87e19901da2250b84d092989a0f9e44d2ef41deb09aa3ad28e691a40a
  languageName: node
  linkType: hard

"path-is-absolute@npm:^1.0.0":
  version: 1.0.1
  resolution: "path-is-absolute@npm:1.0.1"
  checksum: 10c0/127da03c82172a2a50099cddbf02510c1791fc2cc5f7713ddb613a56838db1e8168b121a920079d052e0936c23005562059756d653b7c544c53185efe53be078
  languageName: node
  linkType: hard

"path-key@npm:^3.0.0, path-key@npm:^3.1.0":
  version: 3.1.1
  resolution: "path-key@npm:3.1.1"
  checksum: 10c0/748c43efd5a569c039d7a00a03b58eecd1d75f3999f5a28303d75f521288df4823bc057d8784eb72358b2895a05f29a070bc9f1f17d28226cc4e62494cc58c4c
  languageName: node
  linkType: hard

"path-type@npm:^3.0.0":
  version: 3.0.0
  resolution: "path-type@npm:3.0.0"
  dependencies:
    pify: "npm:^3.0.0"
  checksum: 10c0/1332c632f1cac15790ebab8dd729b67ba04fc96f81647496feb1c2975d862d046f41e4b975dbd893048999b2cc90721f72924ad820acc58c78507ba7141a8e56
  languageName: node
  linkType: hard

"pify@npm:^2.3.0":
  version: 2.3.0
  resolution: "pify@npm:2.3.0"
  checksum: 10c0/551ff8ab830b1052633f59cb8adc9ae8407a436e06b4a9718bcb27dc5844b83d535c3a8512b388b6062af65a98c49bdc0dd523d8b2617b188f7c8fee457158dc
  languageName: node
  linkType: hard

"pify@npm:^3.0.0":
  version: 3.0.0
  resolution: "pify@npm:3.0.0"
  checksum: 10c0/fead19ed9d801f1b1fcd0638a1ac53eabbb0945bf615f2f8806a8b646565a04a1b0e7ef115c951d225f042cca388fdc1cd3add46d10d1ed6951c20bd2998af10
  languageName: node
  linkType: hard

"pinkie-promise@npm:^2.0.1":
  version: 2.0.1
  resolution: "pinkie-promise@npm:2.0.1"
  dependencies:
    pinkie: "npm:^2.0.0"
  checksum: 10c0/11b5e5ce2b090c573f8fad7b517cbca1bb9a247587306f05ae71aef6f9b2cd2b923c304aa9663c2409cfde27b367286179f1379bc4ec18a3fbf2bb0d473b160a
  languageName: node
  linkType: hard

"pinkie@npm:^2.0.0":
  version: 2.0.4
  resolution: "pinkie@npm:2.0.4"
  checksum: 10c0/25228b08b5597da42dc384221aa0ce56ee0fbf32965db12ba838e2a9ca0193c2f0609c45551ee077ccd2060bf109137fdb185b00c6d7e0ed7e35006d20fdcbc6
  languageName: node
  linkType: hard

"pump@npm:^3.0.0":
  version: 3.0.0
  resolution: "pump@npm:3.0.0"
  dependencies:
    end-of-stream: "npm:^1.1.0"
    once: "npm:^1.3.1"
  checksum: 10c0/bbdeda4f747cdf47db97428f3a135728669e56a0ae5f354a9ac5b74556556f5446a46f720a8f14ca2ece5be9b4d5d23c346db02b555f46739934cc6c093a5478
  languageName: node
  linkType: hard

"punycode@npm:^2.1.0":
  version: 2.1.1
  resolution: "punycode@npm:2.1.1"
  checksum: 10c0/83815ca9b9177f055771f31980cbec7ffaef10257d50a95ab99b4a30f0404846e85fa6887ee1bbc0aaddb7bad6d96e2fa150a016051ff0f6b92be4ad613ddca8
  languageName: node
  linkType: hard

"quick-lru@npm:^5.1.1":
  version: 5.1.1
  resolution: "quick-lru@npm:5.1.1"
  checksum: 10c0/a24cba5da8cec30d70d2484be37622580f64765fb6390a928b17f60cd69e8dbd32a954b3ff9176fa1b86d86ff2ba05252fae55dc4d40d0291c60412b0ad096da
  languageName: node
  linkType: hard

"read-pkg-up@npm:^8.0.0":
  version: 8.0.0
  resolution: "read-pkg-up@npm:8.0.0"
  dependencies:
    find-up: "npm:^5.0.0"
    read-pkg: "npm:^6.0.0"
    type-fest: "npm:^1.0.1"
  checksum: 10c0/cf3905ccbe5cd602f23192cc7ca65ed17561bab117eadb9aed817441d5bfc6b9a11215c2a3e9505f501d046818f3c4180dbea61fa83c42083e0b4e407d5cc745
  languageName: node
  linkType: hard

"read-pkg@npm:^6.0.0":
  version: 6.0.0
  resolution: "read-pkg@npm:6.0.0"
  dependencies:
    "@types/normalize-package-data": "npm:^2.4.0"
    normalize-package-data: "npm:^3.0.2"
    parse-json: "npm:^5.2.0"
    type-fest: "npm:^1.0.1"
  checksum: 10c0/b51ee5eed75324f4fac34c9a40b5e4b403de4c532242be01959c9bbdb1ff9db1c6c2aefaba569622fec49d1ead866e97ba856ab145f6e11039b11f7bec1318ba
  languageName: node
  linkType: hard

"redent@npm:^4.0.0":
  version: 4.0.0
  resolution: "redent@npm:4.0.0"
  dependencies:
    indent-string: "npm:^5.0.0"
    strip-indent: "npm:^4.0.0"
  checksum: 10c0/a9b640c8f4b2b5b26a1a908706475ff404dd50a97d6f094bc3c59717be922622927cc7d601d4ae2857d897ad243fd979bd76d751a0481cee8be7024e5fb4c662
  languageName: node
  linkType: hard

"require-from-string@npm:^2.0.2":
  version: 2.0.2
  resolution: "require-from-string@npm:2.0.2"
  checksum: 10c0/aaa267e0c5b022fc5fd4eef49d8285086b15f2a1c54b28240fdf03599cbd9c26049fee3eab894f2e1f6ca65e513b030a7c264201e3f005601e80c49fb2937ce2
  languageName: node
  linkType: hard

"semver@npm:^7.3.4":
  version: 7.3.8
  resolution: "semver@npm:7.3.8"
  dependencies:
    lru-cache: "npm:^6.0.0"
  bin:
    semver: bin/semver.js
  checksum: 10c0/7e581d679530db31757301c2117721577a2bb36a301a443aac833b8efad372cda58e7f2a464fe4412ae1041cc1f63a6c1fe0ced8c57ce5aca1e0b57bb0d627b9
  languageName: node
  linkType: hard

"shebang-command@npm:^2.0.0":
  version: 2.0.0
  resolution: "shebang-command@npm:2.0.0"
  dependencies:
    shebang-regex: "npm:^3.0.0"
  checksum: 10c0/a41692e7d89a553ef21d324a5cceb5f686d1f3c040759c50aab69688634688c5c327f26f3ecf7001ebfd78c01f3c7c0a11a7c8bfd0a8bc9f6240d4f40b224e4e
  languageName: node
  linkType: hard

"shebang-regex@npm:^3.0.0":
  version: 3.0.0
  resolution: "shebang-regex@npm:3.0.0"
  checksum: 10c0/1dbed0726dd0e1152a92696c76c7f06084eb32a90f0528d11acd764043aacf76994b2fb30aa1291a21bd019d6699164d048286309a278855ee7bec06cf6fb690
  languageName: node
  linkType: hard

"signal-exit@npm:^3.0.2":
  version: 3.0.7
  resolution: "signal-exit@npm:3.0.7"
  checksum: 10c0/25d272fa73e146048565e08f3309d5b942c1979a6f4a58a8c59d5fa299728e9c2fcd1a759ec870863b1fd38653670240cd420dad2ad9330c71f36608a6a1c912
  languageName: node
  linkType: hard

"slash@npm:^1.0.0":
  version: 1.0.0
  resolution: "slash@npm:1.0.0"
  checksum: 10c0/3944659885d905480f98810542fd314f3e1006eaad25ec78227a7835a469d9ed66fc3dd90abc7377dd2e71f4b5473e8f766bd08198fdd25152a80792e9ed464c
  languageName: node
  linkType: hard

"spdx-correct@npm:^3.0.0":
  version: 3.1.1
  resolution: "spdx-correct@npm:3.1.1"
  dependencies:
    spdx-expression-parse: "npm:^3.0.0"
    spdx-license-ids: "npm:^3.0.0"
  checksum: 10c0/25909eecc4024963a8e398399dbdd59ddb925bd7dbecd9c9cf6df0d75c29b68cd30b82123564acc51810eb02cfc4b634a2e16e88aa982433306012e318849249
  languageName: node
  linkType: hard

"spdx-exceptions@npm:^2.1.0":
  version: 2.3.0
  resolution: "spdx-exceptions@npm:2.3.0"
  checksum: 10c0/83089e77d2a91cb6805a5c910a2bedb9e50799da091f532c2ba4150efdef6e53f121523d3e2dc2573a340dc0189e648b03157097f65465b3a0c06da1f18d7e8a
  languageName: node
  linkType: hard

"spdx-expression-parse@npm:^3.0.0":
  version: 3.0.1
  resolution: "spdx-expression-parse@npm:3.0.1"
  dependencies:
    spdx-exceptions: "npm:^2.1.0"
    spdx-license-ids: "npm:^3.0.0"
  checksum: 10c0/6f8a41c87759fa184a58713b86c6a8b028250f158159f1d03ed9d1b6ee4d9eefdc74181c8ddc581a341aa971c3e7b79e30b59c23b05d2436d5de1c30bdef7171
  languageName: node
  linkType: hard

"spdx-license-ids@npm:^3.0.0":
  version: 3.0.12
  resolution: "spdx-license-ids@npm:3.0.12"
  checksum: 10c0/b749db2fdecf4ac1893b8e4c435c3bfe5247af9cb412a3cd8375c8bc5a24ad7f3c4263dfe0fc04701f98613f189787700f1deac3e9272c96dfaffc01826c2d0f
  languageName: node
  linkType: hard

"sprintf-js@npm:~1.0.2":
  version: 1.0.3
  resolution: "sprintf-js@npm:1.0.3"
  checksum: 10c0/ecadcfe4c771890140da5023d43e190b7566d9cf8b2d238600f31bec0fc653f328da4450eb04bd59a431771a8e9cc0e118f0aa3974b683a4981b4e07abc2a5bb
  languageName: node
  linkType: hard

"strip-final-newline@npm:^2.0.0":
  version: 2.0.0
  resolution: "strip-final-newline@npm:2.0.0"
  checksum: 10c0/bddf8ccd47acd85c0e09ad7375409d81653f645fda13227a9d459642277c253d877b68f2e5e4d819fe75733b0e626bac7e954c04f3236f6d196f79c94fa4a96f
  languageName: node
  linkType: hard

"strip-indent@npm:^4.0.0":
  version: 4.0.0
  resolution: "strip-indent@npm:4.0.0"
  dependencies:
    min-indent: "npm:^1.0.1"
  checksum: 10c0/6b1fb4e22056867f5c9e7a6f3f45922d9a2436cac758607d58aeaac0d3b16ec40b1c43317de7900f1b8dd7a4107352fa47fb960f2c23566538c51e8585c8870e
  languageName: node
  linkType: hard

"supports-color@npm:^5.3.0":
  version: 5.5.0
  resolution: "supports-color@npm:5.5.0"
  dependencies:
    has-flag: "npm:^3.0.0"
  checksum: 10c0/6ae5ff319bfbb021f8a86da8ea1f8db52fac8bd4d499492e30ec17095b58af11f0c55f8577390a749b1c4dde691b6a0315dab78f5f54c9b3d83f8fb5905c1c05
  languageName: node
  linkType: hard

"trash-cli@npm:^5.0.0":
  version: 5.0.0
  resolution: "trash-cli@npm:5.0.0"
  dependencies:
    meow: "npm:^10.1.2"
    trash: "npm:^8.0.0"
  bin:
    trash: cli.js
  checksum: 10c0/59c9524d7b8d2c4e5da413981d740619f4d8e429ddc09b565dd4e6c6caa3e31ed9f123e8ff97d247554b39dc0650a36903a3c58960e673b612cb753986ab0a5f
  languageName: node
  linkType: hard

"trash@npm:^8.0.0":
  version: 8.1.0
  resolution: "trash@npm:8.1.0"
  dependencies:
    "@sindresorhus/chunkify": "npm:^0.2.0"
    "@stroncium/procfs": "npm:^1.2.1"
    globby: "npm:^7.1.1"
    is-path-inside: "npm:^4.0.0"
    move-file: "npm:^3.0.0"
    p-map: "npm:^5.1.0"
    uuid: "npm:^8.3.2"
    xdg-trashdir: "npm:^3.1.0"
  checksum: 10c0/6445443bd6f2b0e9355477acb9cd657649d0a0dbbecc26228d66e6b4f1656c037ce405914aa4cf22b944902ff04fd60fa5b85bb48128fbdd88d3a6a28ccd8f52
  languageName: node
  linkType: hard

"trim-newlines@npm:^4.0.2":
  version: 4.0.2
  resolution: "trim-newlines@npm:4.0.2"
  checksum: 10c0/48d022e9d14f27cf8b71983691af61cd8ce511d159ed0962452d2fa23f58298398d905e1ff982566f9034f93df3ef676868c1c14d13bcd849e7500dbfbd6101b
  languageName: node
  linkType: hard

"type-fest@npm:^1.0.1, type-fest@npm:^1.2.1, type-fest@npm:^1.2.2":
  version: 1.4.0
  resolution: "type-fest@npm:1.4.0"
  checksum: 10c0/a3c0f4ee28ff6ddf800d769eafafcdeab32efa38763c1a1b8daeae681920f6e345d7920bf277245235561d8117dab765cb5f829c76b713b4c9de0998a5397141
  languageName: node
  linkType: hard

"uri-js@npm:^4.2.2":
  version: 4.4.1
  resolution: "uri-js@npm:4.4.1"
  dependencies:
    punycode: "npm:^2.1.0"
  checksum: 10c0/4ef57b45aa820d7ac6496e9208559986c665e49447cb072744c13b66925a362d96dd5a46c4530a6b8e203e5db5fe849369444440cb22ecfc26c679359e5dfa3c
  languageName: node
  linkType: hard

"user-home@npm:^2.0.0":
  version: 2.0.0
  resolution: "user-home@npm:2.0.0"
  dependencies:
    os-homedir: "npm:^1.0.0"
  checksum: 10c0/cbcb251c64f0dce8f3a598049afa5dadd42c928f9834c8720227ee17ededa819296582f9964d963974787f00a4d4cd68e90fd69bc5d8df528d666a6882f84b0c
  languageName: node
  linkType: hard

"uuid@npm:^8.3.2":
  version: 8.3.2
  resolution: "uuid@npm:8.3.2"
  bin:
    uuid: dist/bin/uuid
  checksum: 10c0/bcbb807a917d374a49f475fae2e87fdca7da5e5530820ef53f65ba1d12131bd81a92ecf259cc7ce317cbe0f289e7d79fdfebcef9bfa3087c8c8a2fa304c9be54
  languageName: node
  linkType: hard

"validate-npm-package-license@npm:^3.0.1":
  version: 3.0.4
  resolution: "validate-npm-package-license@npm:3.0.4"
  dependencies:
    spdx-correct: "npm:^3.0.0"
    spdx-expression-parse: "npm:^3.0.0"
  checksum: 10c0/7b91e455a8de9a0beaa9fe961e536b677da7f48c9a493edf4d4d4a87fd80a7a10267d438723364e432c2fcd00b5650b5378275cded362383ef570276e6312f4f
  languageName: node
  linkType: hard

"which@npm:^2.0.1":
  version: 2.0.2
  resolution: "which@npm:2.0.2"
  dependencies:
    isexe: "npm:^2.0.0"
  bin:
    node-which: ./bin/node-which
  checksum: 10c0/66522872a768b60c2a65a57e8ad184e5372f5b6a9ca6d5f033d4b0dc98aff63995655a7503b9c0a2598936f532120e81dd8cc155e2e92ed662a2b9377cc4374f
  languageName: node
  linkType: hard

"wrappy@npm:1":
  version: 1.0.2
  resolution: "wrappy@npm:1.0.2"
  checksum: 10c0/56fece1a4018c6a6c8e28fbc88c87e0fbf4ea8fd64fc6c63b18f4acc4bd13e0ad2515189786dd2c30d3eec9663d70f4ecf699330002f8ccb547e4a18231fc9f0
  languageName: node
  linkType: hard

"xdg-basedir@npm:^4.0.0":
  version: 4.0.0
  resolution: "xdg-basedir@npm:4.0.0"
  checksum: 10c0/1b5d70d58355af90363a4e0a51c992e77fc5a1d8de5822699c7d6e96a6afea9a1e048cb93312be6870f338ca45ebe97f000425028fa149c1e87d1b5b8b212a06
  languageName: node
  linkType: hard

"xdg-trashdir@npm:^3.1.0":
  version: 3.1.0
  resolution: "xdg-trashdir@npm:3.1.0"
  dependencies:
    "@sindresorhus/df": "npm:^3.1.1"
    mount-point: "npm:^3.0.0"
    user-home: "npm:^2.0.0"
    xdg-basedir: "npm:^4.0.0"
  checksum: 10c0/8f3da0aa890faa0a30fb5ad127110e8c8f129b19751239a29d916cd9632a3376f77e51f843157c6b95c06042b45f30b5aff1991358f4b93f7d3cc7dab5f564a1
  languageName: node
  linkType: hard

"yallist@npm:^4.0.0":
  version: 4.0.0
  resolution: "yallist@npm:4.0.0"
  checksum: 10c0/2286b5e8dbfe22204ab66e2ef5cc9bbb1e55dfc873bbe0d568aa943eb255d131890dfd5bf243637273d31119b870f49c18fcde2c6ffbb7a7a092b870dc90625a
  languageName: node
  linkType: hard

"yargs-parser@npm:^20.2.9":
  version: 20.2.9
  resolution: "yargs-parser@npm:20.2.9"
  checksum: 10c0/0685a8e58bbfb57fab6aefe03c6da904a59769bd803a722bb098bd5b0f29d274a1357762c7258fb487512811b8063fb5d2824a3415a0a4540598335b3b086c72
  languageName: node
  linkType: hard

"yocto-queue@npm:^0.1.0":
  version: 0.1.0
  resolution: "yocto-queue@npm:0.1.0"
  checksum: 10c0/dceb44c28578b31641e13695d200d34ec4ab3966a5729814d5445b194933c096b7ced71494ce53a0e8820685d1d010df8b2422e5bf2cdea7e469d97ffbea306f
  languageName: node
  linkType: hard
